// !$*UTF8*$!
{
	archiveVersion = 1;
	classes = {
	};
	objectVersion = 50;
	objects = {

/* Begin PBXBuildFile section */
		43BB60CF25D3AD9900282815 /* AppDelegate.swift in Sources */ = {isa = PBXBuildFile; fileRef = 43BB60CE25D3AD9900282815 /* AppDelegate.swift */; };
		43BB60D125D3AD9900282815 /* SceneDelegate.swift in Sources */ = {isa = PBXBuildFile; fileRef = 43BB60D025D3AD9900282815 /* SceneDelegate.swift */; };
		43BB60D425D3AD9900282815 /* TaskManager.xcdatamodeld in Sources */ = {isa = PBXBuildFile; fileRef = 43BB60D225D3AD9900282815 /* TaskManager.xcdatamodeld */; };
		43BB60D625D3AD9900282815 /* ContentView.swift in Sources */ = {isa = PBXBuildFile; fileRef = 43BB60D525D3AD9900282815 /* ContentView.swift */; };
		43BB60D825D3AD9B00282815 /* Assets.xcassets in Resources */ = {isa = PBXBuildFile; fileRef = 43BB60D725D3AD9B00282815 /* Assets.xcassets */; };
		43BB60DB25D3AD9B00282815 /* Preview Assets.xcassets in Resources */ = {isa = PBXBuildFile; fileRef = 43BB60DA25D3AD9B00282815 /* Preview Assets.xcassets */; };
		43BB60DE25D3AD9B00282815 /* LaunchScreen.storyboard in Resources */ = {isa = PBXBuildFile; fileRef = 43BB60DC25D3AD9B00282815 /* LaunchScreen.storyboard */; };
		43BB60E825D3AE8300282815 /* HomeView.swift in Sources */ = {isa = PBXBuildFile; fileRef = 43BB60E725D3AE8300282815 /* HomeView.swift */; };
		43BB60EA25D3AEC800282815 /* HomeViewModel.swift in Sources */ = {isa = PBXBuildFile; fileRef = 43BB60E925D3AEC800282815 /* HomeViewModel.swift */; };
		43BB60EC25D3AFFA00282815 /* NewDataView.swift in Sources */ = {isa = PBXBuildFile; fileRef = 43BB60EB25D3AFFA00282815 /* NewDataView.swift */; };
		43BB60EE25D3B6F500282815 /* DateButton.swift in Sources */ = {isa = PBXBuildFile; fileRef = 43BB60ED25D3B6F500282815 /* DateButton.swift */; };
/* End PBXBuildFile section */

/* Begin PBXFileReference section */
		43BB60CB25D3AD9900282815 /* TaskManager.app */ = {isa = PBXFileReference; explicitFileType = wrapper.application; includeInIndex = 0; path = TaskManager.app; sourceTree = BUILT_PRODUCTS_DIR; };
		43BB60CE25D3AD9900282815 /* AppDelegate.swift */ = {isa = PBXFileReference; lastKnownFileType = sourcecode.swift; path = AppDelegate.swift; sourceTree = "<group>"; };
		43BB60D025D3AD9900282815 /* SceneDelegate.swift */ = {isa = PBXFileReference; lastKnownFileType = sourcecode.swift; path = SceneDelegate.swift; sourceTree = "<group>"; };
		43BB60D325D3AD9900282815 /* TaskManager.xcdatamodel */ = {isa = PBXFileReference; lastKnownFileType = wrapper.xcdatamodel; path = TaskManager.xcdatamodel; sourceTree = "<group>"; };
		43BB60D525D3AD9900282815 /* ContentView.swift */ = {isa = PBXFileReference; lastKnownFileType = sourcecode.swift; path = ContentView.swift; sourceTree = "<group>"; };
		43BB60D725D3AD9B00282815 /* Assets.xcassets */ = {isa = PBXFileReference; lastKnownFileType = folder.assetcatalog; path = Assets.xcassets; sourceTree = "<group>"; };
		43BB60DA25D3AD9B00282815 /* Preview Assets.xcassets */ = {isa = PBXFileReference; lastKnownFileType = folder.assetcatalog; path = "Preview Assets.xcassets"; sourceTree = "<group>"; };
		43BB60DD25D3AD9B00282815 /* Base */ = {isa = PBXFileReference; lastKnownFileType = file.storyboard; name = Base; path = Base.lproj/LaunchScreen.storyboard; sourceTree = "<group>"; };
		43BB60DF25D3AD9B00282815 /* Info.plist */ = {isa = PBXFileReference; lastKnownFileType = text.plist.xml; path = Info.plist; sourceTree = "<group>"; };
		43BB60E725D3AE8300282815 /* HomeView.swift */ = {isa = PBXFileReference; lastKnownFileType = sourcecode.swift; path = HomeView.swift; sourceTree = "<group>"; };
		43BB60E925D3AEC800282815 /* HomeViewModel.swift */ = {isa = PBXFileReference; lastKnownFileType = sourcecode.swift; path = HomeViewModel.swift; sourceTree = "<group>"; };
		43BB60EB25D3AFFA00282815 /* NewDataView.swift */ = {isa = PBXFileReference; lastKnownFileType = sourcecode.swift; path = NewDataView.swift; sourceTree = "<group>"; };
		43BB60ED25D3B6F500282815 /* DateButton.swift */ = {isa = PBXFileReference; lastKnownFileType = sourcecode.swift; path = DateButton.swift; sourceTree = "<group>"; };
/* End PBXFileReference section */

/* Begin PBXFrameworksBuildPhase section */
		43BB60C825D3AD9900282815 /* Frameworks */ = {
			isa = PBXFrameworksBuildPhase;
			buildActionMask = 2147483647;
			files = (
			);
			runOnlyForDeploymentPostprocessing = 0;
		};
/* End PBXFrameworksBuildPhase section */

/* Begin PBXGroup section */
		43BB60C225D3AD9800282815 = {
			isa = PBXGroup;
			children = (
				43BB60CD25D3AD9900282815 /* TaskManager */,
				43BB60CC25D3AD9900282815 /* Products */,
			);
			sourceTree = "<group>";
		};
		43BB60CC25D3AD9900282815 /* Products */ = {
			isa = PBXGroup;
			children = (
				43BB60CB25D3AD9900282815 /* TaskManager.app */,
			);
			name = Products;
			sourceTree = "<group>";
		};
		43BB60CD25D3AD9900282815 /* TaskManager */ = {
			isa = PBXGroup;
			children = (
				43BB60E625D3AE5C00282815 /* ViewModel */,
				43BB60E525D3AE4D00282815 /* View */,
				43BB60CE25D3AD9900282815 /* AppDelegate.swift */,
				43BB60D025D3AD9900282815 /* SceneDelegate.swift */,
				43BB60D525D3AD9900282815 /* ContentView.swift */,
				43BB60D725D3AD9B00282815 /* Assets.xcassets */,
				43BB60DC25D3AD9B00282815 /* LaunchScreen.storyboard */,
				43BB60DF25D3AD9B00282815 /* Info.plist */,
				43BB60D225D3AD9900282815 /* TaskManager.xcdatamodeld */,
				43BB60D925D3AD9B00282815 /* Preview Content */,
			);
			path = TaskManager;
			sourceTree = "<group>";
		};
		43BB60D925D3AD9B00282815 /* Preview Content */ = {
			isa = PBXGroup;
			children = (
				43BB60DA25D3AD9B00282815 /* Preview Assets.xcassets */,
			);
			path = "Preview Content";
			sourceTree = "<group>";
		};
		43BB60E525D3AE4D00282815 /* View */ = {
			isa = PBXGroup;
			children = (
				43BB60E725D3AE8300282815 /* HomeView.swift */,
				43BB60EB25D3AFFA00282815 /* NewDataView.swift */,
				43BB60ED25D3B6F500282815 /* DateButton.swift */,
			);
			path = View;
			sourceTree = "<group>";
		};
		43BB60E625D3AE5C00282815 /* ViewModel */ = {
			isa = PBXGroup;
			children = (
				43BB60E925D3AEC800282815 /* HomeViewModel.swift */,
			);
			path = ViewModel;
			sourceTree = "<group>";
		};
/* End PBXGroup section */

/* Begin PBXNativeTarget section */
		43BB60CA25D3AD9900282815 /* TaskManager */ = {
			isa = PBXNativeTarget;
			buildConfigurationList = 43BB60E225D3AD9B00282815 /* Build configuration list for PBXNativeTarget "TaskManager" */;
			buildPhases = (
				43BB60C725D3AD9900282815 /* Sources */,
				43BB60C825D3AD9900282815 /* Frameworks */,
				43BB60C925D3AD9900282815 /* Resources */,
			);
			buildRules = (
			);
			dependencies = (
			);
			name = TaskManager;
			productName = TaskManager;
			productReference = 43BB60CB25D3AD9900282815 /* TaskManager.app */;
			productType = "com.apple.product-type.application";
		};
/* End PBXNativeTarget section */

/* Begin PBXProject section */
		43BB60C325D3AD9800282815 /* Project object */ = {
			isa = PBXProject;
			attributes = {
				LastSwiftUpdateCheck = 1140;
				LastUpgradeCheck = 1140;
				ORGANIZATIONNAME = "Дарья";
				TargetAttributes = {
					43BB60CA25D3AD9900282815 = {
						CreatedOnToolsVersion = 11.4.1;
					};
				};
			};
			buildConfigurationList = 43BB60C625D3AD9800282815 /* Build configuration list for PBXProject "TaskManager" */;
			compatibilityVersion = "Xcode 9.3";
			developmentRegion = en;
			hasScannedForEncodings = 0;
			knownRegions = (
				en,
				Base,
			);
			mainGroup = 43BB60C225D3AD9800282815;
			productRefGroup = 43BB60CC25D3AD9900282815 /* Products */;
			projectDirPath = "";
			projectRoot = "";
			targets = (
				43BB60CA25D3AD9900282815 /* TaskManager */,
			);
		};
/* End PBXProject section */

/* Begin PBXResourcesBuildPhase section */
		43BB60C925D3AD9900282815 /* Resources */ = {
			isa = PBXResourcesBuildPhase;
			buildActionMask = 2147483647;
			files = (
				43BB60DE25D3AD9B00282815 /* LaunchScreen.storyboard in Resources */,
				43BB60DB25D3AD9B00282815 /* Preview Assets.xcassets in Resources */,
				43BB60D825D3AD9B00282815 /* Assets.xcassets in Resources */,
			);
			runOnlyForDeploymentPostprocessing = 0;
		};
/* End PBXResourcesBuildPhase section */

/* Begin PBXSourcesBuildPhase section */
		43BB60C725D3AD9900282815 /* Sources */ = {
			isa = PBXSourcesBuildPhase;
			buildActionMask = 2147483647;
			files = (
				43BB60D425D3AD9900282815 /* TaskManager.xcdatamodeld in Sources */,
				43BB60EA25D3AEC800282815 /* HomeViewModel.swift in Sources */,
				43BB60CF25D3AD9900282815 /* AppDelegate.swift in Sources */,
				43BB60D625D3AD9900282815 /* ContentView.swift in Sources */,
				43BB60E825D3AE8300282815 /* HomeView.swift in Sources */,
				43BB60EE25D3B6F500282815 /* DateButton.swift in Sources */,
				43BB60D125D3AD9900282815 /* SceneDelegate.swift in Sources */,
				43BB60EC25D3AFFA00282815 /* NewDataView.swift in Sources */,
			);
			runOnlyForDeploymentPostprocessing = 0;
		};
/* End PBXSourcesBuildPhase section */

/* Begin PBXVariantGroup section */
		43BB60DC25D3AD9B00282815 /* LaunchScreen.storyboard */ = {
			isa = PBXVariantGroup;
			children = (
				43BB60DD25D3AD9B00282815 /* Base */,
			);
			name = LaunchScreen.storyboard;
			sourceTree = "<group>";
		};
/* End PBXVariantGroup section */

/* Begin XCBuildConfiguration section */
		43BB60E025D3AD9B00282815 /* Debug */ = {
			isa = XCBuildConfiguration;
			buildSettings = {
				ALWAYS_SEARCH_USER_PATHS = NO;
				CLANG_ANALYZER_NONNULL = YES;
				CLANG_ANALYZER_NUMBER_OBJECT_CONVERSION = YES_AGGRESSIVE;
				CLANG_CXX_LANGUAGE_STANDARD = "gnu++14";
				CLANG_CXX_LIBRARY = "libc++";
				CLANG_ENABLE_MODULES = YES;
				CLANG_ENABLE_OBJC_ARC = YES;
				CLANG_ENABLE_OBJC_WEAK = YES;
				CLANG_WARN_BLOCK_CAPTURE_AUTORELEASING = YES;
				CLANG_WARN_BOOL_CONVERSION = YES;
				CLANG_WARN_COMMA = YES;
				CLANG_WARN_CONSTANT_CONVERSION = YES;
				CLANG_WARN_DEPRECATED_OBJC_IMPLEMENTATIONS = YES;
				CLANG_WARN_DIRECT_OBJC_ISA_USAGE = YES_ERROR;
				CLANG_WARN_DOCUMENTATION_COMMENTS = YES;
				CLANG_WARN_EMPTY_BODY = YES;
				CLANG_WARN_ENUM_CONVERSION = YES;
				CLANG_WARN_INFINITE_RECURSION = YES;
				CLANG_WARN_INT_CONVERSION = YES;
				CLANG_WARN_NON_LITERAL_NULL_CONVERSION = YES;
				CLANG_WARN_OBJC_IMPLICIT_RETAIN_SELF = YES;
				CLANG_WARN_OBJC_LITERAL_CONVERSION = YES;
				CLANG_WARN_OBJC_ROOT_CLASS = YES_ERROR;
				CLANG_WARN_RANGE_LOOP_ANALYSIS = YES;
				CLANG_WARN_STRICT_PROTOTYPES = YES;
				CLANG_WARN_SUSPICIOUS_MOVE = YES;
				CLANG_WARN_UNGUARDED_AVAILABILITY = YES_AGGRESSIVE;
				CLANG_WARN_UNREACHABLE_CODE = YES;
				CLANG_WARN__DUPLICATE_METHOD_MATCH = YES;
				COPY_PHASE_STRIP = NO;
				DEBUG_INFORMATION_FORMAT = dwarf;
				ENABLE_STRICT_OBJC_MSGSEND = YES;
				ENABLE_TESTABILITY = YES;
				GCC_C_LANGUAGE_STANDARD = gnu11;
				GCC_DYNAMIC_NO_PIC = NO;
				GCC_NO_COMMON_BLOCKS = YES;
				GCC_OPTIMIZATION_LEVEL = 0;
				GCC_PREPROCESSOR_DEFINITIONS = (
					"DEBUG=1",
					"$(inherited)",
				);
				GCC_WARN_64_TO_32_BIT_CONVERSION = YES;
				GCC_WARN_ABOUT_RETURN_TYPE = YES_ERROR;
				GCC_WARN_UNDECLARED_SELECTOR = YES;
				GCC_WARN_UNINITIALIZED_AUTOS = YES_AGGRESSIVE;
				GCC_WARN_UNUSED_FUNCTION = YES;
				GCC_WARN_UNUSED_VARIABLE = YES;
				IPHONEOS_DEPLOYMENT_TARGET = 13.4;
				MTL_ENABLE_DEBUG_INFO = INCLUDE_SOURCE;
				MTL_FAST_MATH = YES;
				ONLY_ACTIVE_ARCH = YES;
				SDKROOT = iphoneos;
				SWIFT_ACTIVE_COMPILATION_CONDITIONS = DEBUG;
				SWIFT_OPTIMIZATION_LEVEL = "-Onone";
			};
			name = Debug;
		};
		43BB60E125D3AD9B00282815 /* Release */ = {
			isa = XCBuildConfiguration;
			buildSettings = {
				ALWAYS_SEARCH_USER_PATHS = NO;
				CLANG_ANALYZER_NONNULL = YES;
				CLANG_ANALYZER_NUMBER_OBJECT_CONVERSION = YES_AGGRESSIVE;
				CLANG_CXX_LANGUAGE_STANDARD = "gnu++14";
				CLANG_CXX_LIBRARY = "libc++";
				CLANG_ENABLE_MODULES = YES;
				CLANG_ENABLE_OBJC_ARC = YES;
				CLANG_ENABLE_OBJC_WEAK = YES;
				CLANG_WARN_BLOCK_CAPTURE_AUTORELEASING = YES;
				CLANG_WARN_BOOL_CONVERSION = YES;
				CLANG_WARN_COMMA = YES;
				CLANG_WARN_CONSTANT_CONVERSION = YES;
				CLANG_WARN_DEPRECATED_OBJC_IMPLEMENTATIONS = YES;
				CLANG_WARN_DIRECT_OBJC_ISA_USAGE = YES_ERROR;
				CLANG_WARN_DOCUMENTATION_COMMENTS = YES;
				CLANG_WARN_EMPTY_BODY = YES;
				CLANG_WARN_ENUM_CONVERSION = YES;
				CLANG_WARN_INFINITE_RECURSION = YES;
				CLANG_WARN_INT_CONVERSION = YES;
				CLANG_WARN_NON_LITERAL_NULL_CONVERSION = YES;
				CLANG_WARN_OBJC_IMPLICIT_RETAIN_SELF = YES;
				CLANG_WARN_OBJC_LITERAL_CONVERSION = YES;
				CLANG_WARN_OBJC_ROOT_CLASS = YES_ERROR;
				CLANG_WARN_RANGE_LOOP_ANALYSIS = YES;
				CLANG_WARN_STRICT_PROTOTYPES = YES;
				CLANG_WARN_SUSPICIOUS_MOVE = YES;
				CLANG_WARN_UNGUARDED_AVAILABILITY = YES_AGGRESSIVE;
				CLANG_WARN_UNREACHABLE_CODE = YES;
				CLANG_WARN__DUPLICATE_METHOD_MATCH = YES;
				COPY_PHASE_STRIP = NO;
				DEBUG_INFORMATION_FORMAT = "dwarf-with-dsym";
				ENABLE_NS_ASSERTIONS = NO;
				ENABLE_STRICT_OBJC_MSGSEND = YES;
				GCC_C_LANGUAGE_STANDARD = gnu11;
				GCC_NO_COMMON_BLOCKS = YES;
				GCC_WARN_64_TO_32_BIT_CONVERSION = YES;
				GCC_WARN_ABOUT_RETURN_TYPE = YES_ERROR;
				GCC_WARN_UNDECLARED_SELECTOR = YES;
				GCC_WARN_UNINITIALIZED_AUTOS = YES_AGGRESSIVE;
				GCC_WARN_UNUSED_FUNCTION = YES;
				GCC_WARN_UNUSED_VARIABLE = YES;
				IPHONEOS_DEPLOYMENT_TARGET = 13.4;
				MTL_ENABLE_DEBUG_INFO = NO;
				MTL_FAST_MATH = YES;
				SDKROOT = iphoneos;
				SWIFT_COMPILATION_MODE = wholemodule;
				SWIFT_OPTIMIZATION_LEVEL = "-O";
				VALIDATE_PRODUCT = YES;
			};
			name = Release;
		};
		43BB60E325D3AD9B00282815 /* Debug */ = {
			isa = XCBuildConfiguration;
			buildSettings = {
				ASSETCATALOG_COMPILER_APPICON_NAME = AppIcon;
				CODE_SIGN_STYLE = Automatic;
				DEVELOPMENT_ASSET_PATHS = "\"TaskManager/Preview Content\"";
				DEVELOPMENT_TEAM = HW9MUS8YU2;
				ENABLE_PREVIEWS = YES;
				INFOPLIST_FILE = TaskManager/Info.plist;
				LD_RUNPATH_SEARCH_PATHS = (
					"$(inherited)",
					"@executable_path/Frameworks",
				);
				PRODUCT_BUNDLE_IDENTIFIER = Moscow.TaskManager;
				PRODUCT_NAME = "$(TARGET_NAME)";
				SWIFT_VERSION = 5.0;
				TARGETED_DEVICE_FAMILY = "1,2";
			};
			name = Debug;
		};
		43BB60E425D3AD9B00282815 /* Release */ = {
			isa = XCBuildConfiguration;
			buildSettings = {
				ASSETCATALOG_COMPILER_APPICON_NAME = AppIcon;
				CODE_SIGN_STYLE = Automatic;
				DEVELOPMENT_ASSET_PATHS = "\"TaskManager/Preview Content\"";
				DEVELOPMENT_TEAM = HW9MUS8YU2;
				ENABLE_PREVIEWS = YES;
				INFOPLIST_FILE = TaskManager/Info.plist;
				LD_RUNPATH_SEARCH_PATHS = (
					"$(inherited)",
					"@executable_path/Frameworks",
				);
				PRODUCT_BUNDLE_IDENTIFIER = Moscow.TaskManager;
				PRODUCT_NAME = "$(TARGET_NAME)";
				SWIFT_VERSION = 5.0;
				TARGETED_DEVICE_FAMILY = "1,2";
			};
			name = Release;
		};
/* End XCBuildConfiguration section */

/* Begin XCConfigurationList section */
		43BB60C625D3AD9800282815 /* Build configuration list for PBXProject "TaskManager" */ = {
			isa = XCConfigurationList;
			buildConfigurations = (
				43BB60E025D3AD9B00282815 /* Debug */,
				43BB60E125D3AD9B00282815 /* Release */,
			);
			defaultConfigurationIsVisible = 0;
			defaultConfigurationName = Release;
		};
		43BB60E225D3AD9B00282815 /* Build configuration list for PBXNativeTarget "TaskManager" */ = {
			isa = XCConfigurationList;
			buildConfigurations = (
				43BB60E325D3AD9B00282815 /* Debug */,
				43BB60E425D3AD9B00282815 /* Release */,
			);
			defaultConfigurationIsVisible = 0;
			defaultConfigurationName = Release;
		};
/* End XCConfigurationList section */

/* Begin XCVersionGroup section */
		43BB60D225D3AD9900282815 /* TaskManager.xcdatamodeld */ = {
			isa = XCVersionGroup;
			children = (
				43BB60D325D3AD9900282815 /* TaskManager.xcdatamodel */,
			);
			currentVersion = 43BB60D325D3AD9900282815 /* TaskManager.xcdatamodel */;
			path = TaskManager.xcdatamodeld;
			sourceTree = "<group>";
			versionGroupType = wrapper.xcdatamodel;
		};
/* End XCVersionGroup section */
	};
	rootObject = 43BB60C325D3AD9800282815 /* Project object */;
}
